
Microsoft Visual Studio Solution File, Format Version 12.00
Project("{FAE04EC0-301F-11D3-BF4B-00C04F79EFBC}") = "Wms.API", "src\Wms.API\Wms.API.csproj", "{3285EAE6-66C9-4B7E-9398-102EC4043180}"
EndProject
Project("{FAE04EC0-301F-11D3-BF4B-00C04F79EFBC}") = "Wms.Core", "src\Wms.Core\Wms.Core.csproj", "{F07C06D4-E936-4733-9FD8-88F9E53A579C}"
EndProject
Project("{FAE04EC0-301F-11D3-BF4B-00C04F79EFBC}") = "Wms.Infrastructure", "src\Wms.Infrastructure\Wms.Infrastructure.csproj", "{ACA0DD34-109B-4B8B-B774-BB9FF17A2F67}"
EndProject
Project("{FAE04EC0-301F-11D3-BF4B-00C04F79EFBC}") = "Wms.Services", "src\Wms.Services\Wms.Services.csproj", "{A0BD0FA0-7AB0-4890-980E-019827C43A7A}"
EndProject
Global
	GlobalSection(SolutionConfigurationPlatforms) = preSolution
		Debug|Any CPU = Debug|Any CPU
		Release|Any CPU = Release|Any CPU
	EndGlobalSection
	GlobalSection(ProjectConfigurationPlatforms) = postSolution
		{3285EAE6-66C9-4B7E-9398-102EC4043180}.Debug|Any CPU.ActiveCfg = Debug|Any CPU
		{3285EAE6-66C9-4B7E-9398-102EC4043180}.Debug|Any CPU.Build.0 = Debug|Any CPU
		{3285EAE6-66C9-4B7E-9398-102EC4043180}.Release|Any CPU.ActiveCfg = Release|Any CPU
		{3285EAE6-66C9-4B7E-9398-102EC4043180}.Release|Any CPU.Build.0 = Release|Any CPU
		{F07C06D4-E936-4733-9FD8-88F9E53A579C}.Debug|Any CPU.ActiveCfg = Debug|Any CPU
		{F07C06D4-E936-4733-9FD8-88F9E53A579C}.Debug|Any CPU.Build.0 = Debug|Any CPU
		{F07C06D4-E936-4733-9FD8-88F9E53A579C}.Release|Any CPU.ActiveCfg = Release|Any CPU
		{F07C06D4-E936-4733-9FD8-88F9E53A579C}.Release|Any CPU.Build.0 = Release|Any CPU
		{ACA0DD34-109B-4B8B-B774-BB9FF17A2F67}.Debug|Any CPU.ActiveCfg = Debug|Any CPU
		{ACA0DD34-109B-4B8B-B774-BB9FF17A2F67}.Debug|Any CPU.Build.0 = Debug|Any CPU
		{ACA0DD34-109B-4B8B-B774-BB9FF17A2F67}.Release|Any CPU.ActiveCfg = Release|Any CPU
		{ACA0DD34-109B-4B8B-B774-BB9FF17A2F67}.Release|Any CPU.Build.0 = Release|Any CPU
		{A0BD0FA0-7AB0-4890-980E-019827C43A7A}.Debug|Any CPU.ActiveCfg = Debug|Any CPU
		{A0BD0FA0-7AB0-4890-980E-019827C43A7A}.Debug|Any CPU.Build.0 = Debug|Any CPU
		{A0BD0FA0-7AB0-4890-980E-019827C43A7A}.Release|Any CPU.ActiveCfg = Release|Any CPU
		{A0BD0FA0-7AB0-4890-980E-019827C43A7A}.Release|Any CPU.Build.0 = Release|Any CPU
	EndGlobalSection
EndGlobal
